
Microsoft Visual Studio Solution File, Format Version 12.00
# Visual Studio Version 17
VisualStudioVersion = 17.14.36121.58
MinimumVisualStudioVersion = 10.0.40219.1
Project("{FAE04EC0-301F-11D3-BF4B-00C04F79EFBC}") = "PS3Sharp", "PS3Sharp\PS3Sharp.csproj", "{528112DF-8915-46C9-9E80-34499B8C8466}"
EndProject
Project("{FAE04EC0-301F-11D3-BF4B-00C04F79EFBC}") = "PS3Sharp.Tests", "PS3Sharp.Tests\PS3Sharp.Tests.csproj", "{33D93DD9-2AF9-42B0-9226-330B11523188}"
EndProject
Global
	GlobalSection(SolutionConfigurationPlatforms) = preSolution
		Debug|Any CPU = Debug|Any CPU
		Debug|x64 = Debug|x64
		Release|Any CPU = Release|Any CPU
		Release|x64 = Release|x64
	EndGlobalSection
	GlobalSection(ProjectConfigurationPlatforms) = postSolution
		{528112DF-8915-46C9-9E80-34499B8C8466}.Debug|Any CPU.ActiveCfg = Debug|Any CPU
		{528112DF-8915-46C9-9E80-34499B8C8466}.Debug|Any CPU.Build.0 = Debug|Any CPU
		{528112DF-8915-46C9-9E80-34499B8C8466}.Debug|x64.ActiveCfg = Debug|x64
		{528112DF-8915-46C9-9E80-34499B8C8466}.Debug|x64.Build.0 = Debug|x64
		{528112DF-8915-46C9-9E80-34499B8C8466}.Release|Any CPU.ActiveCfg = Release|Any CPU
		{528112DF-8915-46C9-9E80-34499B8C8466}.Release|Any CPU.Build.0 = Release|Any CPU
		{528112DF-8915-46C9-9E80-34499B8C8466}.Release|x64.ActiveCfg = Release|x64
		{528112DF-8915-46C9-9E80-34499B8C8466}.Release|x64.Build.0 = Release|x64
		{33D93DD9-2AF9-42B0-9226-330B11523188}.Debug|Any CPU.ActiveCfg = Debug|Any CPU
		{33D93DD9-2AF9-42B0-9226-330B11523188}.Debug|Any CPU.Build.0 = Debug|Any CPU
		{33D93DD9-2AF9-42B0-9226-330B11523188}.Debug|x64.ActiveCfg = Debug|x64
		{33D93DD9-2AF9-42B0-9226-330B11523188}.Debug|x64.Build.0 = Debug|x64
		{33D93DD9-2AF9-42B0-9226-330B11523188}.Release|Any CPU.ActiveCfg = Release|Any CPU
		{33D93DD9-2AF9-42B0-9226-330B11523188}.Release|Any CPU.Build.0 = Release|Any CPU
		{33D93DD9-2AF9-42B0-9226-330B11523188}.Release|x64.ActiveCfg = Release|x64
		{33D93DD9-2AF9-42B0-9226-330B11523188}.Release|x64.Build.0 = Release|x64
	EndGlobalSection
	GlobalSection(SolutionProperties) = preSolution
		HideSolutionNode = FALSE
	EndGlobalSection
	GlobalSection(ExtensibilityGlobals) = postSolution
		SolutionGuid = {CDDC2681-E4A6-4284-9ECF-62067E4348EF}
	EndGlobalSection
EndGlobal
